
Microsoft Visual Studio Solution File, Format Version 12.00
# Visual Studio Version 16
VisualStudioVersion = 16.0.30320.27
MinimumVisualStudioVersion = 10.0.40219.1
Project("{2150E333-8FDC-42A3-9474-1A3956D46DE8}") = "src", "src", "{AD9F88A7-C37F-4ABF-961A-99778DB5F164}"
EndProject
Project("{2150E333-8FDC-42A3-9474-1A3956D46DE8}") = "test", "test", "{ABCFD5D4-54AA-4993-BFF8-6E6D921FD001}"
EndProject
Project("{FAE04EC0-301F-11D3-BF4B-00C04F79EFBC}") = "Demo.Shared", "Demo.Shared\Demo.Shared.csproj", "{B478CF71-4C74-4FB4-8114-C1D4F9E2649C}"
EndProject
Project("{FAE04EC0-301F-11D3-BF4B-00C04F79EFBC}") = "Demo.Shared.UnitTest", "Demo.Shared.UnitTest\Demo.Shared.UnitTest.csproj", "{9212ED68-165F-4463-8EBB-D1F82B9E8492}"
EndProject
Global
	GlobalSection(SolutionConfigurationPlatforms) = preSolution
		Debug|Any CPU = Debug|Any CPU
		Release|Any CPU = Release|Any CPU
	EndGlobalSection
	GlobalSection(ProjectConfigurationPlatforms) = postSolution
		{B478CF71-4C74-4FB4-8114-C1D4F9E2649C}.Debug|Any CPU.ActiveCfg = Debug|Any CPU
		{B478CF71-4C74-4FB4-8114-C1D4F9E2649C}.Debug|Any CPU.Build.0 = Debug|Any CPU
		{B478CF71-4C74-4FB4-8114-C1D4F9E2649C}.Release|Any CPU.ActiveCfg = Release|Any CPU
		{B478CF71-4C74-4FB4-8114-C1D4F9E2649C}.Release|Any CPU.Build.0 = Release|Any CPU
		{9212ED68-165F-4463-8EBB-D1F82B9E8492}.Debug|Any CPU.ActiveCfg = Debug|Any CPU
		{9212ED68-165F-4463-8EBB-D1F82B9E8492}.Debug|Any CPU.Build.0 = Debug|Any CPU
		{9212ED68-165F-4463-8EBB-D1F82B9E8492}.Release|Any CPU.ActiveCfg = Release|Any CPU
		{9212ED68-165F-4463-8EBB-D1F82B9E8492}.Release|Any CPU.Build.0 = Release|Any CPU
	EndGlobalSection
	GlobalSection(SolutionProperties) = preSolution
		HideSolutionNode = FALSE
	EndGlobalSection
	GlobalSection(NestedProjects) = preSolution
		{B478CF71-4C74-4FB4-8114-C1D4F9E2649C} = {AD9F88A7-C37F-4ABF-961A-99778DB5F164}
		{9212ED68-165F-4463-8EBB-D1F82B9E8492} = {ABCFD5D4-54AA-4993-BFF8-6E6D921FD001}
	EndGlobalSection
	GlobalSection(ExtensibilityGlobals) = postSolution
		SolutionGuid = {04EB3837-A925-41CF-8A83-C3C0B76E3540}
	EndGlobalSection
EndGlobal
